Microsoft Visual Studio Solution File, Format Version 12.00
# Visual Studio Version 17
VisualStudioVersion = 17.5.2.0
MinimumVisualStudioVersion = 10.0.40219.1
Project("{FAE04EC0-301F-11D3-BF4B-00C04F79EFBC}") = "DDXConv", "DDXConv.csproj", "{E2C6AC7C-5F85-9288-A8E4-882FD79C10A1}"
EndProject
Global
	GlobalSection(SolutionConfigurationPlatforms) = preSolution
		Debug|Any CPU = Debug|Any CPU
		Release|Any CPU = Release|Any CPU
	EndGlobalSection
	GlobalSection(ProjectConfigurationPlatforms) = postSolution
		{E2C6AC7C-5F85-9288-A8E4-882FD79C10A1}.Debug|Any CPU.ActiveCfg = Debug|Any CPU
		{E2C6AC7C-5F85-9288-A8E4-882FD79C10A1}.Debug|Any CPU.Build.0 = Debug|Any CPU
		{E2C6AC7C-5F85-9288-A8E4-882FD79C10A1}.Release|Any CPU.ActiveCfg = Release|Any CPU
		{E2C6AC7C-5F85-9288-A8E4-882FD79C10A1}.Release|Any CPU.Build.0 = Release|Any CPU
	EndGlobalSection
	GlobalSection(SolutionProperties) = preSolution
		HideSolutionNode = FALSE
	EndGlobalSection
	GlobalSection(ExtensibilityGlobals) = postSolution
		SolutionGuid = {84C174CC-B7E9-477F-8262-D6FD311D2451}
	EndGlobalSection
EndGlobal
